
Microsoft Visual Studio Solution File, Format Version 12.00
# Visual Studio Version 17
VisualStudioVersion = 17.5.2.0
MinimumVisualStudioVersion = 10.0.40219.1
Project("{FAE04EC0-301F-11D3-BF4B-00C04F79EFBC}") = "C# Program", "C# Program.csproj", "{33C858F1-A047-F7AD-7FC8-CC1D84C9D88B}"
EndProject
Project("{FAE04EC0-301F-11D3-BF4B-00C04F79EFBC}") = "Microsoft-dot-ado-net", "Microsoft-dot-ado-net\Microsoft-dot-ado-net.csproj", "{984E136D-5002-4D15-A535-BA5784526E40}"
EndProject
Project("{FAE04EC0-301F-11D3-BF4B-00C04F79EFBC}") = "Dapper-micro-orm-shared-service", "..\Dapper-micro-orm-shared-service\Dapper-micro-orm-shared-service.csproj", "{B917C1A1-6B11-4F58-AFF7-4FCDCFF5A2BB}"
EndProject
Project("{FAE04EC0-301F-11D3-BF4B-00C04F79EFBC}") = "Cosole-app-using-dapper-common-service", "..\Cosole-app-using-dapper-common-service\Cosole-app-using-dapper-common-service.csproj", "{FA175473-BB58-498C-91DE-F5B601FCF56D}"
EndProject
Project("{FAE04EC0-301F-11D3-BF4B-00C04F79EFBC}") = "Efcore-console-app", "..\Efcore-console-app\Efcore-console-app.csproj", "{41127281-8101-4FAC-8086-36151542F38D}"
EndProject
Project("{FAE04EC0-301F-11D3-BF4B-00C04F79EFBC}") = "Model-console-app", "..\Model-console-app\Model-console-app.csproj", "{148A10C4-EE5F-48BE-B7B9-243EF6EE1970}"
EndProject
Project("{FAE04EC0-301F-11D3-BF4B-00C04F79EFBC}") = "WebApplication1", "..\WebApplication1\WebApplication1.csproj", "{5ACF42ED-6370-4391-AB62-53CD4FB76410}"
EndProject
Project("{2150E333-8FDC-42A3-9474-1A3956D46DE8}") = "Project1", "Project1", "{3DDA3C1E-AD9F-0EFC-A38A-D682AD23467C}"
EndProject
Project("{FAE04EC0-301F-11D3-BF4B-00C04F79EFBC}") = "DataBase", "..\DataBase\DataBase.csproj", "{98B7B823-EDE7-4AE4-AC7B-1AA6344C5E62}"
EndProject
Project("{FAE04EC0-301F-11D3-BF4B-00C04F79EFBC}") = "WebApi", "..\WebApi\WebApi.csproj", "{F2084BC1-79C1-4F9C-912E-0DE139C7C176}"
EndProject
Project("{FAE04EC0-301F-11D3-BF4B-00C04F79EFBC}") = "Domain", "..\WebApp2\Domain.csproj", "{37984A2A-79A6-4AF4-BF54-C15B36D68EC2}"
EndProject
Project("{2150E333-8FDC-42A3-9474-1A3956D46DE8}") = "Project2", "Project2", "{AFFDAA6B-DC6A-7D0C-D02A-7EB27CE33530}"
EndProject
Project("{FAE04EC0-301F-11D3-BF4B-00C04F79EFBC}") = "DataBases", "..\DataBases\DataBases.csproj", "{1646C80F-E024-467E-95E5-03265365BC42}"
EndProject
Project("{FAE04EC0-301F-11D3-BF4B-00C04F79EFBC}") = "WebApplication", "..\WebApplication\WebApplication.csproj", "{3E707CAF-A679-4BDC-B489-BE369853A65B}"
EndProject
Project("{2150E333-8FDC-42A3-9474-1A3956D46DE8}") = "Project3", "Project3", "{A978D4A0-5539-9031-6BB9-558A6AABD078}"
EndProject
Project("{FAE04EC0-301F-11D3-BF4B-00C04F79EFBC}") = "MVC-App", "..\Project3\MVC-App\MVC-App.csproj", "{A53DAA1B-E52F-4BB9-8C1A-F2D337C7C307}"
EndProject
Global
	GlobalSection(SolutionConfigurationPlatforms) = preSolution
		Debug|Any CPU = Debug|Any CPU
		Debug|x64 = Debug|x64
		Debug|x86 = Debug|x86
		Release|Any CPU = Release|Any CPU
		Release|x64 = Release|x64
		Release|x86 = Release|x86
	EndGlobalSection
	GlobalSection(ProjectConfigurationPlatforms) = postSolution
		{33C858F1-A047-F7AD-7FC8-CC1D84C9D88B}.Debug|Any CPU.ActiveCfg = Debug|Any CPU
		{33C858F1-A047-F7AD-7FC8-CC1D84C9D88B}.Debug|Any CPU.Build.0 = Debug|Any CPU
		{33C858F1-A047-F7AD-7FC8-CC1D84C9D88B}.Debug|x64.ActiveCfg = Debug|Any CPU
		{33C858F1-A047-F7AD-7FC8-CC1D84C9D88B}.Debug|x64.Build.0 = Debug|Any CPU
		{33C858F1-A047-F7AD-7FC8-CC1D84C9D88B}.Debug|x86.ActiveCfg = Debug|Any CPU
		{33C858F1-A047-F7AD-7FC8-CC1D84C9D88B}.Debug|x86.Build.0 = Debug|Any CPU
		{33C858F1-A047-F7AD-7FC8-CC1D84C9D88B}.Release|Any CPU.ActiveCfg = Release|Any CPU
		{33C858F1-A047-F7AD-7FC8-CC1D84C9D88B}.Release|Any CPU.Build.0 = Release|Any CPU
		{33C858F1-A047-F7AD-7FC8-CC1D84C9D88B}.Release|x64.ActiveCfg = Release|Any CPU
		{33C858F1-A047-F7AD-7FC8-CC1D84C9D88B}.Release|x64.Build.0 = Release|Any CPU
		{33C858F1-A047-F7AD-7FC8-CC1D84C9D88B}.Release|x86.ActiveCfg = Release|Any CPU
		{33C858F1-A047-F7AD-7FC8-CC1D84C9D88B}.Release|x86.Build.0 = Release|Any CPU
		{984E136D-5002-4D15-A535-BA5784526E40}.Debug|Any CPU.ActiveCfg = Debug|Any CPU
		{984E136D-5002-4D15-A535-BA5784526E40}.Debug|Any CPU.Build.0 = Debug|Any CPU
		{984E136D-5002-4D15-A535-BA5784526E40}.Debug|x64.ActiveCfg = Debug|Any CPU
		{984E136D-5002-4D15-A535-BA5784526E40}.Debug|x64.Build.0 = Debug|Any CPU
		{984E136D-5002-4D15-A535-BA5784526E40}.Debug|x86.ActiveCfg = Debug|Any CPU
		{984E136D-5002-4D15-A535-BA5784526E40}.Debug|x86.Build.0 = Debug|Any CPU
		{984E136D-5002-4D15-A535-BA5784526E40}.Release|Any CPU.ActiveCfg = Release|Any CPU
		{984E136D-5002-4D15-A535-BA5784526E40}.Release|Any CPU.Build.0 = Release|Any CPU
		{984E136D-5002-4D15-A535-BA5784526E40}.Release|x64.ActiveCfg = Release|Any CPU
		{984E136D-5002-4D15-A535-BA5784526E40}.Release|x64.Build.0 = Release|Any CPU
		{984E136D-5002-4D15-A535-BA5784526E40}.Release|x86.ActiveCfg = Release|Any CPU
		{984E136D-5002-4D15-A535-BA5784526E40}.Release|x86.Build.0 = Release|Any CPU
		{B917C1A1-6B11-4F58-AFF7-4FCDCFF5A2BB}.Debug|Any CPU.ActiveCfg = Debug|Any CPU
		{B917C1A1-6B11-4F58-AFF7-4FCDCFF5A2BB}.Debug|Any CPU.Build.0 = Debug|Any CPU
		{B917C1A1-6B11-4F58-AFF7-4FCDCFF5A2BB}.Debug|x64.ActiveCfg = Debug|Any CPU
		{B917C1A1-6B11-4F58-AFF7-4FCDCFF5A2BB}.Debug|x64.Build.0 = Debug|Any CPU
		{B917C1A1-6B11-4F58-AFF7-4FCDCFF5A2BB}.Debug|x86.ActiveCfg = Debug|Any CPU
		{B917C1A1-6B11-4F58-AFF7-4FCDCFF5A2BB}.Debug|x86.Build.0 = Debug|Any CPU
		{B917C1A1-6B11-4F58-AFF7-4FCDCFF5A2BB}.Release|Any CPU.ActiveCfg = Release|Any CPU
		{B917C1A1-6B11-4F58-AFF7-4FCDCFF5A2BB}.Release|Any CPU.Build.0 = Release|Any CPU
		{B917C1A1-6B11-4F58-AFF7-4FCDCFF5A2BB}.Release|x64.ActiveCfg = Release|Any CPU
		{B917C1A1-6B11-4F58-AFF7-4FCDCFF5A2BB}.Release|x64.Build.0 = Release|Any CPU
		{B917C1A1-6B11-4F58-AFF7-4FCDCFF5A2BB}.Release|x86.ActiveCfg = Release|Any CPU
		{B917C1A1-6B11-4F58-AFF7-4FCDCFF5A2BB}.Release|x86.Build.0 = Release|Any CPU
		{FA175473-BB58-498C-91DE-F5B601FCF56D}.Debug|Any CPU.ActiveCfg = Debug|Any CPU
		{FA175473-BB58-498C-91DE-F5B601FCF56D}.Debug|Any CPU.Build.0 = Debug|Any CPU
		{FA175473-BB58-498C-91DE-F5B601FCF56D}.Debug|x64.ActiveCfg = Debug|Any CPU
		{FA175473-BB58-498C-91DE-F5B601FCF56D}.Debug|x64.Build.0 = Debug|Any CPU
		{FA175473-BB58-498C-91DE-F5B601FCF56D}.Debug|x86.ActiveCfg = Debug|Any CPU
		{FA175473-BB58-498C-91DE-F5B601FCF56D}.Debug|x86.Build.0 = Debug|Any CPU
		{FA175473-BB58-498C-91DE-F5B601FCF56D}.Release|Any CPU.ActiveCfg = Release|Any CPU
		{FA175473-BB58-498C-91DE-F5B601FCF56D}.Release|Any CPU.Build.0 = Release|Any CPU
		{FA175473-BB58-498C-91DE-F5B601FCF56D}.Release|x64.ActiveCfg = Release|Any CPU
		{FA175473-BB58-498C-91DE-F5B601FCF56D}.Release|x64.Build.0 = Release|Any CPU
		{FA175473-BB58-498C-91DE-F5B601FCF56D}.Release|x86.ActiveCfg = Release|Any CPU
		{FA175473-BB58-498C-91DE-F5B601FCF56D}.Release|x86.Build.0 = Release|Any CPU
		{41127281-8101-4FAC-8086-36151542F38D}.Debug|Any CPU.ActiveCfg = Debug|Any CPU
		{41127281-8101-4FAC-8086-36151542F38D}.Debug|Any CPU.Build.0 = Debug|Any CPU
		{41127281-8101-4FAC-8086-36151542F38D}.Debug|x64.ActiveCfg = Debug|Any CPU
		{41127281-8101-4FAC-8086-36151542F38D}.Debug|x64.Build.0 = Debug|Any CPU
		{41127281-8101-4FAC-8086-36151542F38D}.Debug|x86.ActiveCfg = Debug|Any CPU
		{41127281-8101-4FAC-8086-36151542F38D}.Debug|x86.Build.0 = Debug|Any CPU
		{41127281-8101-4FAC-8086-36151542F38D}.Release|Any CPU.ActiveCfg = Release|Any CPU
		{41127281-8101-4FAC-8086-36151542F38D}.Release|Any CPU.Build.0 = Release|Any CPU
		{41127281-8101-4FAC-8086-36151542F38D}.Release|x64.ActiveCfg = Release|Any CPU
		{41127281-8101-4FAC-8086-36151542F38D}.Release|x64.Build.0 = Release|Any CPU
		{41127281-8101-4FAC-8086-36151542F38D}.Release|x86.ActiveCfg = Release|Any CPU
		{41127281-8101-4FAC-8086-36151542F38D}.Release|x86.Build.0 = Release|Any CPU
		{148A10C4-EE5F-48BE-B7B9-243EF6EE1970}.Debug|Any CPU.ActiveCfg = Debug|Any CPU
		{148A10C4-EE5F-48BE-B7B9-243EF6EE1970}.Debug|Any CPU.Build.0 = Debug|Any CPU
		{148A10C4-EE5F-48BE-B7B9-243EF6EE1970}.Debug|x64.ActiveCfg = Debug|Any CPU
		{148A10C4-EE5F-48BE-B7B9-243EF6EE1970}.Debug|x64.Build.0 = Debug|Any CPU
		{148A10C4-EE5F-48BE-B7B9-243EF6EE1970}.Debug|x86.ActiveCfg = Debug|Any CPU
		{148A10C4-EE5F-48BE-B7B9-243EF6EE1970}.Debug|x86.Build.0 = Debug|Any CPU
		{148A10C4-EE5F-48BE-B7B9-243EF6EE1970}.Release|Any CPU.ActiveCfg = Release|Any CPU
		{148A10C4-EE5F-48BE-B7B9-243EF6EE1970}.Release|Any CPU.Build.0 = Release|Any CPU
		{148A10C4-EE5F-48BE-B7B9-243EF6EE1970}.Release|x64.ActiveCfg = Release|Any CPU
		{148A10C4-EE5F-48BE-B7B9-243EF6EE1970}.Release|x64.Build.0 = Release|Any CPU
		{148A10C4-EE5F-48BE-B7B9-243EF6EE1970}.Release|x86.ActiveCfg = Release|Any CPU
		{148A10C4-EE5F-48BE-B7B9-243EF6EE1970}.Release|x86.Build.0 = Release|Any CPU
		{5ACF42ED-6370-4391-AB62-53CD4FB76410}.Debug|Any CPU.ActiveCfg = Debug|Any CPU
		{5ACF42ED-6370-4391-AB62-53CD4FB76410}.Debug|Any CPU.Build.0 = Debug|Any CPU
		{5ACF42ED-6370-4391-AB62-53CD4FB76410}.Debug|x64.ActiveCfg = Debug|Any CPU
		{5ACF42ED-6370-4391-AB62-53CD4FB76410}.Debug|x64.Build.0 = Debug|Any CPU
		{5ACF42ED-6370-4391-AB62-53CD4FB76410}.Debug|x86.ActiveCfg = Debug|Any CPU
		{5ACF42ED-6370-4391-AB62-53CD4FB76410}.Debug|x86.Build.0 = Debug|Any CPU
		{5ACF42ED-6370-4391-AB62-53CD4FB76410}.Release|Any CPU.ActiveCfg = Release|Any CPU
		{5ACF42ED-6370-4391-AB62-53CD4FB76410}.Release|Any CPU.Build.0 = Release|Any CPU
		{5ACF42ED-6370-4391-AB62-53CD4FB76410}.Release|x64.ActiveCfg = Release|Any CPU
		{5ACF42ED-6370-4391-AB62-53CD4FB76410}.Release|x64.Build.0 = Release|Any CPU
		{5ACF42ED-6370-4391-AB62-53CD4FB76410}.Release|x86.ActiveCfg = Release|Any CPU
		{5ACF42ED-6370-4391-AB62-53CD4FB76410}.Release|x86.Build.0 = Release|Any CPU
		{98B7B823-EDE7-4AE4-AC7B-1AA6344C5E62}.Debug|Any CPU.ActiveCfg = Debug|Any CPU
		{98B7B823-EDE7-4AE4-AC7B-1AA6344C5E62}.Debug|Any CPU.Build.0 = Debug|Any CPU
		{98B7B823-EDE7-4AE4-AC7B-1AA6344C5E62}.Debug|x64.ActiveCfg = Debug|Any CPU
		{98B7B823-EDE7-4AE4-AC7B-1AA6344C5E62}.Debug|x64.Build.0 = Debug|Any CPU
		{98B7B823-EDE7-4AE4-AC7B-1AA6344C5E62}.Debug|x86.ActiveCfg = Debug|Any CPU
		{98B7B823-EDE7-4AE4-AC7B-1AA6344C5E62}.Debug|x86.Build.0 = Debug|Any CPU
		{98B7B823-EDE7-4AE4-AC7B-1AA6344C5E62}.Release|Any CPU.ActiveCfg = Release|Any CPU
		{98B7B823-EDE7-4AE4-AC7B-1AA6344C5E62}.Release|Any CPU.Build.0 = Release|Any CPU
		{98B7B823-EDE7-4AE4-AC7B-1AA6344C5E62}.Release|x64.ActiveCfg = Release|Any CPU
		{98B7B823-EDE7-4AE4-AC7B-1AA6344C5E62}.Release|x64.Build.0 = Release|Any CPU
		{98B7B823-EDE7-4AE4-AC7B-1AA6344C5E62}.Release|x86.ActiveCfg = Release|Any CPU
		{98B7B823-EDE7-4AE4-AC7B-1AA6344C5E62}.Release|x86.Build.0 = Release|Any CPU
		{F2084BC1-79C1-4F9C-912E-0DE139C7C176}.Debug|Any CPU.ActiveCfg = Debug|Any CPU
		{F2084BC1-79C1-4F9C-912E-0DE139C7C176}.Debug|Any CPU.Build.0 = Debug|Any CPU
		{F2084BC1-79C1-4F9C-912E-0DE139C7C176}.Debug|x64.ActiveCfg = Debug|Any CPU
		{F2084BC1-79C1-4F9C-912E-0DE139C7C176}.Debug|x64.Build.0 = Debug|Any CPU
		{F2084BC1-79C1-4F9C-912E-0DE139C7C176}.Debug|x86.ActiveCfg = Debug|Any CPU
		{F2084BC1-79C1-4F9C-912E-0DE139C7C176}.Debug|x86.Build.0 = Debug|Any CPU
		{F2084BC1-79C1-4F9C-912E-0DE139C7C176}.Release|Any CPU.ActiveCfg = Release|Any CPU
		{F2084BC1-79C1-4F9C-912E-0DE139C7C176}.Release|Any CPU.Build.0 = Release|Any CPU
		{F2084BC1-79C1-4F9C-912E-0DE139C7C176}.Release|x64.ActiveCfg = Release|Any CPU
		{F2084BC1-79C1-4F9C-912E-0DE139C7C176}.Release|x64.Build.0 = Release|Any CPU
		{F2084BC1-79C1-4F9C-912E-0DE139C7C176}.Release|x86.ActiveCfg = Release|Any CPU
		{F2084BC1-79C1-4F9C-912E-0DE139C7C176}.Release|x86.Build.0 = Release|Any CPU
		{37984A2A-79A6-4AF4-BF54-C15B36D68EC2}.Debug|Any CPU.ActiveCfg = Debug|Any CPU
		{37984A2A-79A6-4AF4-BF54-C15B36D68EC2}.Debug|Any CPU.Build.0 = Debug|Any CPU
		{37984A2A-79A6-4AF4-BF54-C15B36D68EC2}.Debug|x64.ActiveCfg = Debug|Any CPU
		{37984A2A-79A6-4AF4-BF54-C15B36D68EC2}.Debug|x64.Build.0 = Debug|Any CPU
		{37984A2A-79A6-4AF4-BF54-C15B36D68EC2}.Debug|x86.ActiveCfg = Debug|Any CPU
		{37984A2A-79A6-4AF4-BF54-C15B36D68EC2}.Debug|x86.Build.0 = Debug|Any CPU
		{37984A2A-79A6-4AF4-BF54-C15B36D68EC2}.Release|Any CPU.ActiveCfg = Release|Any CPU
		{37984A2A-79A6-4AF4-BF54-C15B36D68EC2}.Release|Any CPU.Build.0 = Release|Any CPU
		{37984A2A-79A6-4AF4-BF54-C15B36D68EC2}.Release|x64.ActiveCfg = Release|Any CPU
		{37984A2A-79A6-4AF4-BF54-C15B36D68EC2}.Release|x64.Build.0 = Release|Any CPU
		{37984A2A-79A6-4AF4-BF54-C15B36D68EC2}.Release|x86.ActiveCfg = Release|Any CPU
		{37984A2A-79A6-4AF4-BF54-C15B36D68EC2}.Release|x86.Build.0 = Release|Any CPU
		{1646C80F-E024-467E-95E5-03265365BC42}.Debug|Any CPU.ActiveCfg = Debug|Any CPU
		{1646C80F-E024-467E-95E5-03265365BC42}.Debug|Any CPU.Build.0 = Debug|Any CPU
		{1646C80F-E024-467E-95E5-03265365BC42}.Debug|x64.ActiveCfg = Debug|Any CPU
		{1646C80F-E024-467E-95E5-03265365BC42}.Debug|x64.Build.0 = Debug|Any CPU
		{1646C80F-E024-467E-95E5-03265365BC42}.Debug|x86.ActiveCfg = Debug|Any CPU
		{1646C80F-E024-467E-95E5-03265365BC42}.Debug|x86.Build.0 = Debug|Any CPU
		{1646C80F-E024-467E-95E5-03265365BC42}.Release|Any CPU.ActiveCfg = Release|Any CPU
		{1646C80F-E024-467E-95E5-03265365BC42}.Release|Any CPU.Build.0 = Release|Any CPU
		{1646C80F-E024-467E-95E5-03265365BC42}.Release|x64.ActiveCfg = Release|Any CPU
		{1646C80F-E024-467E-95E5-03265365BC42}.Release|x64.Build.0 = Release|Any CPU
		{1646C80F-E024-467E-95E5-03265365BC42}.Release|x86.ActiveCfg = Release|Any CPU
		{1646C80F-E024-467E-95E5-03265365BC42}.Release|x86.Build.0 = Release|Any CPU
		{3E707CAF-A679-4BDC-B489-BE369853A65B}.Debug|Any CPU.ActiveCfg = Debug|Any CPU
		{3E707CAF-A679-4BDC-B489-BE369853A65B}.Debug|Any CPU.Build.0 = Debug|Any CPU
		{3E707CAF-A679-4BDC-B489-BE369853A65B}.Debug|x64.ActiveCfg = Debug|Any CPU
		{3E707CAF-A679-4BDC-B489-BE369853A65B}.Debug|x64.Build.0 = Debug|Any CPU
		{3E707CAF-A679-4BDC-B489-BE369853A65B}.Debug|x86.ActiveCfg = Debug|Any CPU
		{3E707CAF-A679-4BDC-B489-BE369853A65B}.Debug|x86.Build.0 = Debug|Any CPU
		{3E707CAF-A679-4BDC-B489-BE369853A65B}.Release|Any CPU.ActiveCfg = Release|Any CPU
		{3E707CAF-A679-4BDC-B489-BE369853A65B}.Release|Any CPU.Build.0 = Release|Any CPU
		{3E707CAF-A679-4BDC-B489-BE369853A65B}.Release|x64.ActiveCfg = Release|Any CPU
		{3E707CAF-A679-4BDC-B489-BE369853A65B}.Release|x64.Build.0 = Release|Any CPU
		{3E707CAF-A679-4BDC-B489-BE369853A65B}.Release|x86.ActiveCfg = Release|Any CPU
		{3E707CAF-A679-4BDC-B489-BE369853A65B}.Release|x86.Build.0 = Release|Any CPU
		{A53DAA1B-E52F-4BB9-8C1A-F2D337C7C307}.Debug|Any CPU.ActiveCfg = Debug|Any CPU
		{A53DAA1B-E52F-4BB9-8C1A-F2D337C7C307}.Debug|Any CPU.Build.0 = Debug|Any CPU
		{A53DAA1B-E52F-4BB9-8C1A-F2D337C7C307}.Debug|x64.ActiveCfg = Debug|Any CPU
		{A53DAA1B-E52F-4BB9-8C1A-F2D337C7C307}.Debug|x64.Build.0 = Debug|Any CPU
		{A53DAA1B-E52F-4BB9-8C1A-F2D337C7C307}.Debug|x86.ActiveCfg = Debug|Any CPU
		{A53DAA1B-E52F-4BB9-8C1A-F2D337C7C307}.Debug|x86.Build.0 = Debug|Any CPU
		{A53DAA1B-E52F-4BB9-8C1A-F2D337C7C307}.Release|Any CPU.ActiveCfg = Release|Any CPU
		{A53DAA1B-E52F-4BB9-8C1A-F2D337C7C307}.Release|Any CPU.Build.0 = Release|Any CPU
		{A53DAA1B-E52F-4BB9-8C1A-F2D337C7C307}.Release|x64.ActiveCfg = Release|Any CPU
		{A53DAA1B-E52F-4BB9-8C1A-F2D337C7C307}.Release|x64.Build.0 = Release|Any CPU
		{A53DAA1B-E52F-4BB9-8C1A-F2D337C7C307}.Release|x86.ActiveCfg = Release|Any CPU
		{A53DAA1B-E52F-4BB9-8C1A-F2D337C7C307}.Release|x86.Build.0 = Release|Any CPU
	EndGlobalSection
	GlobalSection(SolutionProperties) = preSolution
		HideSolutionNode = FALSE
	EndGlobalSection
	GlobalSection(NestedProjects) = preSolution
		{98B7B823-EDE7-4AE4-AC7B-1AA6344C5E62} = {3DDA3C1E-AD9F-0EFC-A38A-D682AD23467C}
		{F2084BC1-79C1-4F9C-912E-0DE139C7C176} = {3DDA3C1E-AD9F-0EFC-A38A-D682AD23467C}
		{37984A2A-79A6-4AF4-BF54-C15B36D68EC2} = {3DDA3C1E-AD9F-0EFC-A38A-D682AD23467C}
		{1646C80F-E024-467E-95E5-03265365BC42} = {AFFDAA6B-DC6A-7D0C-D02A-7EB27CE33530}
		{3E707CAF-A679-4BDC-B489-BE369853A65B} = {AFFDAA6B-DC6A-7D0C-D02A-7EB27CE33530}
		{A53DAA1B-E52F-4BB9-8C1A-F2D337C7C307} = {A978D4A0-5539-9031-6BB9-558A6AABD078}
	EndGlobalSection
	GlobalSection(ExtensibilityGlobals) = postSolution
		SolutionGuid = {E5FA8812-2400-44DA-91CD-887DA198D16F}
	EndGlobalSection
EndGlobal
